
Microsoft Visual Studio Solution File, Format Version 12.00
Project("{FAE04EC0-301F-11D3-BF4B-00C04F79EFBC}") = "Bot", "Bot\Bot.csproj", "{8CFC213B-9F0D-4DC9-A1D5-6AE76FF4CBFF}"
EndProject
Project("{FAE04EC0-301F-11D3-BF4B-00C04F79EFBC}") = "Victoria", "Victoria\Victoria.csproj", "{F1D7901F-36C0-4341-8481-0A2A9886DB7B}"
EndProject
Global
	GlobalSection(SolutionConfigurationPlatforms) = preSolution
		Debug|Any CPU = Debug|Any CPU
		Release|Any CPU = Release|Any CPU
	EndGlobalSection
	GlobalSection(ProjectConfigurationPlatforms) = postSolution
		{8CFC213B-9F0D-4DC9-A1D5-6AE76FF4CBFF}.Debug|Any CPU.ActiveCfg = Debug|Any CPU
		{8CFC213B-9F0D-4DC9-A1D5-6AE76FF4CBFF}.Debug|Any CPU.Build.0 = Debug|Any CPU
		{8CFC213B-9F0D-4DC9-A1D5-6AE76FF4CBFF}.Release|Any CPU.ActiveCfg = Release|Any CPU
		{8CFC213B-9F0D-4DC9-A1D5-6AE76FF4CBFF}.Release|Any CPU.Build.0 = Release|Any CPU
		{F1D7901F-36C0-4341-8481-0A2A9886DB7B}.Debug|Any CPU.ActiveCfg = Debug|Any CPU
		{F1D7901F-36C0-4341-8481-0A2A9886DB7B}.Debug|Any CPU.Build.0 = Debug|Any CPU
		{F1D7901F-36C0-4341-8481-0A2A9886DB7B}.Release|Any CPU.ActiveCfg = Release|Any CPU
		{F1D7901F-36C0-4341-8481-0A2A9886DB7B}.Release|Any CPU.Build.0 = Release|Any CPU
	EndGlobalSection
EndGlobal
